
Microsoft Visual Studio Solution File, Format Version 12.00
# Visual Studio Version 17
VisualStudioVersion = 17.3.32929.385
MinimumVisualStudioVersion = 10.0.40219.1
Project("{9A19103F-16F7-4668-BE54-9A1E7A4F7556}") = "Stage0", "Stage0\Stage0.csproj", "{A1AD3856-52BC-456F-A5C2-EB777EC5C8D4}"
EndProject
Project("{2150E333-8FDC-42A3-9474-1A3956D46DE8}") = "Solution Items", "Solution Items", "{BD5D1B63-36A9-44BA-AC81-A3BCFDDFC928}"
	ProjectSection(SolutionItems) = preProject
		..\README.md = ..\README.md
	EndProjectSection
EndProject
Project("{9A19103F-16F7-4668-BE54-9A1E7A4F7556}") = "DalFacade", "DalFacade\DalFacade.csproj", "{9D610F91-80D3-46AF-97E2-FE86D1FAC402}"
EndProject
Project("{9A19103F-16F7-4668-BE54-9A1E7A4F7556}") = "DalList", "DalList\DalList.csproj", "{9021E722-D1C5-43F4-BC77-6509140B06B1}"
EndProject
Project("{9A19103F-16F7-4668-BE54-9A1E7A4F7556}") = "DalTest", "DalTest\DalTest.csproj", "{2FA17F41-9794-4FFE-9363-419BD1B86305}"
	ProjectSection(ProjectDependencies) = postProject
		{0BB67CC0-641E-4D1C-8E5D-18DF1341C29C} = {0BB67CC0-641E-4D1C-8E5D-18DF1341C29C}
	EndProjectSection
EndProject
Project("{9A19103F-16F7-4668-BE54-9A1E7A4F7556}") = "BL", "BL\BL.csproj", "{403446C3-DD3D-430C-8F55-01F4D4D4A988}"
	ProjectSection(ProjectDependencies) = postProject
		{0BB67CC0-641E-4D1C-8E5D-18DF1341C29C} = {0BB67CC0-641E-4D1C-8E5D-18DF1341C29C}
		{2FA17F41-9794-4FFE-9363-419BD1B86305} = {2FA17F41-9794-4FFE-9363-419BD1B86305}
	EndProjectSection
EndProject
Project("{9A19103F-16F7-4668-BE54-9A1E7A4F7556}") = "BlTest", "BlTest\BlTest.csproj", "{BFA38A47-C075-48AD-B517-394B41900AAF}"
	ProjectSection(ProjectDependencies) = postProject
		{403446C3-DD3D-430C-8F55-01F4D4D4A988} = {403446C3-DD3D-430C-8F55-01F4D4D4A988}
	EndProjectSection
EndProject
Project("{2150E333-8FDC-42A3-9474-1A3956D46DE8}") = "xml", "xml", "{B4DD02DB-30A5-4624-8733-58AA1EB97BBD}"
	ProjectSection(SolutionItems) = preProject
		xml\Config.xml = xml\Config.xml
		xml\dal-config.xml = xml\dal-config.xml
		xml\Order.xml = xml\Order.xml
		xml\OrderItem.xml = xml\OrderItem.xml
		xml\Product.xml = xml\Product.xml
	EndProjectSection
EndProject
Project("{9A19103F-16F7-4668-BE54-9A1E7A4F7556}") = "PL", "PL\PL.csproj", "{B804DF01-80F3-413B-AC01-40796AF09D00}"
EndProject
Project("{9A19103F-16F7-4668-BE54-9A1E7A4F7556}") = "DalXml", "DalXml\DalXml.csproj", "{0BB67CC0-641E-4D1C-8E5D-18DF1341C29C}"
EndProject
Global
	GlobalSection(SolutionConfigurationPlatforms) = preSolution
		Debug|Any CPU = Debug|Any CPU
		Release|Any CPU = Release|Any CPU
	EndGlobalSection
	GlobalSection(ProjectConfigurationPlatforms) = postSolution
		{A1AD3856-52BC-456F-A5C2-EB777EC5C8D4}.Debug|Any CPU.ActiveCfg = Debug|Any CPU
		{A1AD3856-52BC-456F-A5C2-EB777EC5C8D4}.Debug|Any CPU.Build.0 = Debug|Any CPU
		{A1AD3856-52BC-456F-A5C2-EB777EC5C8D4}.Release|Any CPU.ActiveCfg = Release|Any CPU
		{A1AD3856-52BC-456F-A5C2-EB777EC5C8D4}.Release|Any CPU.Build.0 = Release|Any CPU
		{9D610F91-80D3-46AF-97E2-FE86D1FAC402}.Debug|Any CPU.ActiveCfg = Debug|Any CPU
		{9D610F91-80D3-46AF-97E2-FE86D1FAC402}.Debug|Any CPU.Build.0 = Debug|Any CPU
		{9D610F91-80D3-46AF-97E2-FE86D1FAC402}.Release|Any CPU.ActiveCfg = Release|Any CPU
		{9D610F91-80D3-46AF-97E2-FE86D1FAC402}.Release|Any CPU.Build.0 = Release|Any CPU
		{9021E722-D1C5-43F4-BC77-6509140B06B1}.Debug|Any CPU.ActiveCfg = Debug|Any CPU
		{9021E722-D1C5-43F4-BC77-6509140B06B1}.Debug|Any CPU.Build.0 = Debug|Any CPU
		{9021E722-D1C5-43F4-BC77-6509140B06B1}.Release|Any CPU.ActiveCfg = Release|Any CPU
		{9021E722-D1C5-43F4-BC77-6509140B06B1}.Release|Any CPU.Build.0 = Release|Any CPU
		{2FA17F41-9794-4FFE-9363-419BD1B86305}.Debug|Any CPU.ActiveCfg = Debug|Any CPU
		{2FA17F41-9794-4FFE-9363-419BD1B86305}.Debug|Any CPU.Build.0 = Debug|Any CPU
		{2FA17F41-9794-4FFE-9363-419BD1B86305}.Release|Any CPU.ActiveCfg = Release|Any CPU
		{2FA17F41-9794-4FFE-9363-419BD1B86305}.Release|Any CPU.Build.0 = Release|Any CPU
		{403446C3-DD3D-430C-8F55-01F4D4D4A988}.Debug|Any CPU.ActiveCfg = Debug|Any CPU
		{403446C3-DD3D-430C-8F55-01F4D4D4A988}.Debug|Any CPU.Build.0 = Debug|Any CPU
		{403446C3-DD3D-430C-8F55-01F4D4D4A988}.Release|Any CPU.ActiveCfg = Release|Any CPU
		{403446C3-DD3D-430C-8F55-01F4D4D4A988}.Release|Any CPU.Build.0 = Release|Any CPU
		{BFA38A47-C075-48AD-B517-394B41900AAF}.Debug|Any CPU.ActiveCfg = Debug|Any CPU
		{BFA38A47-C075-48AD-B517-394B41900AAF}.Debug|Any CPU.Build.0 = Debug|Any CPU
		{BFA38A47-C075-48AD-B517-394B41900AAF}.Release|Any CPU.ActiveCfg = Release|Any CPU
		{BFA38A47-C075-48AD-B517-394B41900AAF}.Release|Any CPU.Build.0 = Release|Any CPU
		{B804DF01-80F3-413B-AC01-40796AF09D00}.Debug|Any CPU.ActiveCfg = Debug|Any CPU
		{B804DF01-80F3-413B-AC01-40796AF09D00}.Debug|Any CPU.Build.0 = Debug|Any CPU
		{B804DF01-80F3-413B-AC01-40796AF09D00}.Release|Any CPU.ActiveCfg = Release|Any CPU
		{B804DF01-80F3-413B-AC01-40796AF09D00}.Release|Any CPU.Build.0 = Release|Any CPU
		{0BB67CC0-641E-4D1C-8E5D-18DF1341C29C}.Debug|Any CPU.ActiveCfg = Debug|Any CPU
		{0BB67CC0-641E-4D1C-8E5D-18DF1341C29C}.Debug|Any CPU.Build.0 = Debug|Any CPU
		{0BB67CC0-641E-4D1C-8E5D-18DF1341C29C}.Release|Any CPU.ActiveCfg = Release|Any CPU
		{0BB67CC0-641E-4D1C-8E5D-18DF1341C29C}.Release|Any CPU.Build.0 = Release|Any CPU
	EndGlobalSection
	GlobalSection(SolutionProperties) = preSolution
		HideSolutionNode = FALSE
	EndGlobalSection
	GlobalSection(NestedProjects) = preSolution
		{403446C3-DD3D-430C-8F55-01F4D4D4A988} = {BD5D1B63-36A9-44BA-AC81-A3BCFDDFC928}
		{BFA38A47-C075-48AD-B517-394B41900AAF} = {BD5D1B63-36A9-44BA-AC81-A3BCFDDFC928}
	EndGlobalSection
	GlobalSection(ExtensibilityGlobals) = postSolution
		SolutionGuid = {46835257-2D86-4774-B6C2-E4865050FA8B}
	EndGlobalSection
EndGlobal
